
Microsoft Visual Studio Solution File, Format Version 12.00
# Visual Studio Version 17
VisualStudioVersion = 17.0.31919.166
MinimumVisualStudioVersion = 10.0.40219.1
Project("{FAE04EC0-301F-11D3-BF4B-00C04F79EFBC}") = "Exercise_3", "Exercise_3\Exercise_3.csproj", "{C570E3A7-E58D-4398-99C3-CF16CA35BCD4}"
EndProject
Global
	GlobalSection(SolutionConfigurationPlatforms) = preSolution
		Debug|Any CPU = Debug|Any CPU
		Release|Any CPU = Release|Any CPU
	EndGlobalSection
	GlobalSection(ProjectConfigurationPlatforms) = postSolution
		{C570E3A7-E58D-4398-99C3-CF16CA35BCD4}.Debug|Any CPU.ActiveCfg = Debug|Any CPU
		{C570E3A7-E58D-4398-99C3-CF16CA35BCD4}.Debug|Any CPU.Build.0 = Debug|Any CPU
		{C570E3A7-E58D-4398-99C3-CF16CA35BCD4}.Release|Any CPU.ActiveCfg = Release|Any CPU
		{C570E3A7-E58D-4398-99C3-CF16CA35BCD4}.Release|Any CPU.Build.0 = Release|Any CPU
	EndGlobalSection
	GlobalSection(SolutionProperties) = preSolution
		HideSolutionNode = FALSE
	EndGlobalSection
	GlobalSection(ExtensibilityGlobals) = postSolution
		SolutionGuid = {85583422-7273-4380-8BB5-9334EF20D00C}
	EndGlobalSection
EndGlobal
