
Microsoft Visual Studio Solution File, Format Version 12.00
# Visual Studio Version 17
VisualStudioVersion = 17.0.31919.166
MinimumVisualStudioVersion = 10.0.40219.1
Project("{9A19103F-16F7-4668-BE54-9A1E7A4F7556}") = "Exercise_5", "Exercise_5\Exercise_5.csproj", "{A4035B3E-790A-4BD7-B11E-71B4D09B3FF6}"
EndProject
Project("{FAE04EC0-301F-11D3-BF4B-00C04F79EFBC}") = "Garage.Test", "Garage.Test\Garage.Test.csproj", "{BC51B711-B96C-4A81-AD6C-E9733592ABFD}"
EndProject
Global
	GlobalSection(SolutionConfigurationPlatforms) = preSolution
		Debug|Any CPU = Debug|Any CPU
		Release|Any CPU = Release|Any CPU
	EndGlobalSection
	GlobalSection(ProjectConfigurationPlatforms) = postSolution
		{A4035B3E-790A-4BD7-B11E-71B4D09B3FF6}.Debug|Any CPU.ActiveCfg = Debug|Any CPU
		{A4035B3E-790A-4BD7-B11E-71B4D09B3FF6}.Debug|Any CPU.Build.0 = Debug|Any CPU
		{A4035B3E-790A-4BD7-B11E-71B4D09B3FF6}.Release|Any CPU.ActiveCfg = Release|Any CPU
		{A4035B3E-790A-4BD7-B11E-71B4D09B3FF6}.Release|Any CPU.Build.0 = Release|Any CPU
		{BC51B711-B96C-4A81-AD6C-E9733592ABFD}.Debug|Any CPU.ActiveCfg = Debug|Any CPU
		{BC51B711-B96C-4A81-AD6C-E9733592ABFD}.Debug|Any CPU.Build.0 = Debug|Any CPU
		{BC51B711-B96C-4A81-AD6C-E9733592ABFD}.Release|Any CPU.ActiveCfg = Release|Any CPU
		{BC51B711-B96C-4A81-AD6C-E9733592ABFD}.Release|Any CPU.Build.0 = Release|Any CPU
	EndGlobalSection
	GlobalSection(SolutionProperties) = preSolution
		HideSolutionNode = FALSE
	EndGlobalSection
	GlobalSection(ExtensibilityGlobals) = postSolution
		SolutionGuid = {AF7E7C0B-916D-470D-A339-6A4AE321CF8F}
	EndGlobalSection
EndGlobal
